// !$*UTF8*$!
{
	archiveVersion = 1;
	classes = {
	};
	objectVersion = 56;
	objects = {

/* Begin PBXBuildFile section */
		3FB21E372A958DB300D63517 /* better_todolistApp.swift in Sources */ = {isa = PBXBuildFile; fileRef = 3FB21E362A958DB300D63517 /* better_todolistApp.swift */; };
		3FB21E392A958DB300D63517 /* ContentView.swift in Sources */ = {isa = PBXBuildFile; fileRef = 3FB21E382A958DB300D63517 /* ContentView.swift */; };
		3FB21E3B2A958DB400D63517 /* Assets.xcassets in Resources */ = {isa = PBXBuildFile; fileRef = 3FB21E3A2A958DB400D63517 /* Assets.xcassets */; };
		3FB21E3E2A958DB400D63517 /* Preview Assets.xcassets in Resources */ = {isa = PBXBuildFile; fileRef = 3FB21E3D2A958DB400D63517 /* Preview Assets.xcassets */; };
		3FB21E482A958DB400D63517 /* better_todolistTests.swift in Sources */ = {isa = PBXBuildFile; fileRef = 3FB21E472A958DB400D63517 /* better_todolistTests.swift */; };
		3FB21E522A958DB400D63517 /* better_todolistUITests.swift in Sources */ = {isa = PBXBuildFile; fileRef = 3FB21E512A958DB400D63517 /* better_todolistUITests.swift */; };
		3FB21E542A958DB400D63517 /* better_todolistUITestsLaunchTests.swift in Sources */ = {isa = PBXBuildFile; fileRef = 3FB21E532A958DB400D63517 /* better_todolistUITestsLaunchTests.swift */; };
/* End PBXBuildFile section */

/* Begin PBXContainerItemProxy section */
		3FB21E442A958DB400D63517 /* PBXContainerItemProxy */ = {
			isa = PBXContainerItemProxy;
			containerPortal = 3FB21E2B2A958DB300D63517 /* Project object */;
			proxyType = 1;
			remoteGlobalIDString = 3FB21E322A958DB300D63517;
			remoteInfo = "better todolist";
		};
		3FB21E4E2A958DB400D63517 /* PBXContainerItemProxy */ = {
			isa = PBXContainerItemProxy;
			containerPortal = 3FB21E2B2A958DB300D63517 /* Project object */;
			proxyType = 1;
			remoteGlobalIDString = 3FB21E322A958DB300D63517;
			remoteInfo = "better todolist";
		};
/* End PBXContainerItemProxy section */

/* Begin PBXFileReference section */
		3FB21E332A958DB300D63517 /* better todolist.app */ = {isa = PBXFileReference; explicitFileType = wrapper.application; includeInIndex = 0; path = "better todolist.app"; sourceTree = BUILT_PRODUCTS_DIR; };
		3FB21E362A958DB300D63517 /* better_todolistApp.swift */ = {isa = PBXFileReference; lastKnownFileType = sourcecode.swift; path = better_todolistApp.swift; sourceTree = "<group>"; };
		3FB21E382A958DB300D63517 /* ContentView.swift */ = {isa = PBXFileReference; lastKnownFileType = sourcecode.swift; path = ContentView.swift; sourceTree = "<group>"; };
		3FB21E3A2A958DB400D63517 /* Assets.xcassets */ = {isa = PBXFileReference; lastKnownFileType = folder.assetcatalog; path = Assets.xcassets; sourceTree = "<group>"; };
		3FB21E3D2A958DB400D63517 /* Preview Assets.xcassets */ = {isa = PBXFileReference; lastKnownFileType = folder.assetcatalog; path = "Preview Assets.xcassets"; sourceTree = "<group>"; };
		3FB21E432A958DB400D63517 /* better todolistTests.xctest */ = {isa = PBXFileReference; explicitFileType = wrapper.cfbundle; includeInIndex = 0; path = "better todolistTests.xctest"; sourceTree = BUILT_PRODUCTS_DIR; };
		3FB21E472A958DB400D63517 /* better_todolistTests.swift */ = {isa = PBXFileReference; lastKnownFileType = sourcecode.swift; path = better_todolistTests.swift; sourceTree = "<group>"; };
		3FB21E4D2A958DB400D63517 /* better todolistUITests.xctest */ = {isa = PBXFileReference; explicitFileType = wrapper.cfbundle; includeInIndex = 0; path = "better todolistUITests.xctest"; sourceTree = BUILT_PRODUCTS_DIR; };
		3FB21E512A958DB400D63517 /* better_todolistUITests.swift */ = {isa = PBXFileReference; lastKnownFileType = sourcecode.swift; path = better_todolistUITests.swift; sourceTree = "<group>"; };
		3FB21E532A958DB400D63517 /* better_todolistUITestsLaunchTests.swift */ = {isa = PBXFileReference; lastKnownFileType = sourcecode.swift; path = better_todolistUITestsLaunchTests.swift; sourceTree = "<group>"; };
/* End PBXFileReference section */

/* Begin PBXFrameworksBuildPhase section */
		3FB21E302A958DB300D63517 /* Frameworks */ = {
			isa = PBXFrameworksBuildPhase;
			buildActionMask = 2147483647;
			files = (
			);
			runOnlyForDeploymentPostprocessing = 0;
		};
		3FB21E402A958DB400D63517 /* Frameworks */ = {
			isa = PBXFrameworksBuildPhase;
			buildActionMask = 2147483647;
			files = (
			);
			runOnlyForDeploymentPostprocessing = 0;
		};
		3FB21E4A2A958DB400D63517 /* Frameworks */ = {
			isa = PBXFrameworksBuildPhase;
			buildActionMask = 2147483647;
			files = (
			);
			runOnlyForDeploymentPostprocessing = 0;
		};
/* End PBXFrameworksBuildPhase section */

/* Begin PBXGroup section */
		3FB21E2A2A958DB300D63517 = {
			isa = PBXGroup;
			children = (
				3FB21E352A958DB300D63517 /* better todolist */,
				3FB21E462A958DB400D63517 /* better todolistTests */,
				3FB21E502A958DB400D63517 /* better todolistUITests */,
				3FB21E342A958DB300D63517 /* Products */,
			);
			sourceTree = "<group>";
		};
		3FB21E342A958DB300D63517 /* Products */ = {
			isa = PBXGroup;
			children = (
				3FB21E332A958DB300D63517 /* better todolist.app */,
				3FB21E432A958DB400D63517 /* better todolistTests.xctest */,
				3FB21E4D2A958DB400D63517 /* better todolistUITests.xctest */,
			);
			name = Products;
			sourceTree = "<group>";
		};
		3FB21E352A958DB300D63517 /* better todolist */ = {
			isa = PBXGroup;
			children = (
				3FB21E362A958DB300D63517 /* better_todolistApp.swift */,
				3FB21E382A958DB300D63517 /* ContentView.swift */,
				3FB21E3A2A958DB400D63517 /* Assets.xcassets */,
				3FB21E3C2A958DB400D63517 /* Preview Content */,
			);
			path = "better todolist";
			sourceTree = "<group>";
		};
		3FB21E3C2A958DB400D63517 /* Preview Content */ = {
			isa = PBXGroup;
			children = (
				3FB21E3D2A958DB400D63517 /* Preview Assets.xcassets */,
			);
			path = "Preview Content";
			sourceTree = "<group>";
		};
		3FB21E462A958DB400D63517 /* better todolistTests */ = {
			isa = PBXGroup;
			children = (
				3FB21E472A958DB400D63517 /* better_todolistTests.swift */,
			);
			path = "better todolistTests";
			sourceTree = "<group>";
		};
		3FB21E502A958DB400D63517 /* better todolistUITests */ = {
			isa = PBXGroup;
			children = (
				3FB21E512A958DB400D63517 /* better_todolistUITests.swift */,
				3FB21E532A958DB400D63517 /* better_todolistUITestsLaunchTests.swift */,
			);
			path = "better todolistUITests";
			sourceTree = "<group>";
		};
/* End PBXGroup section */

/* Begin PBXNativeTarget section */
		3FB21E322A958DB300D63517 /* better todolist */ = {
			isa = PBXNativeTarget;
			buildConfigurationList = 3FB21E572A958DB400D63517 /* Build configuration list for PBXNativeTarget "better todolist" */;
			buildPhases = (
				3FB21E2F2A958DB300D63517 /* Sources */,
				3FB21E302A958DB300D63517 /* Frameworks */,
				3FB21E312A958DB300D63517 /* Resources */,
			);
			buildRules = (
			);
			dependencies = (
			);
			name = "better todolist";
			productName = "better todolist";
			productReference = 3FB21E332A958DB300D63517 /* better todolist.app */;
			productType = "com.apple.product-type.application";
		};
		3FB21E422A958DB400D63517 /* better todolistTests */ = {
			isa = PBXNativeTarget;
			buildConfigurationList = 3FB21E5A2A958DB400D63517 /* Build configuration list for PBXNativeTarget "better todolistTests" */;
			buildPhases = (
				3FB21E3F2A958DB400D63517 /* Sources */,
				3FB21E402A958DB400D63517 /* Frameworks */,
				3FB21E412A958DB400D63517 /* Resources */,
			);
			buildRules = (
			);
			dependencies = (
				3FB21E452A958DB400D63517 /* PBXTargetDependency */,
			);
			name = "better todolistTests";
			productName = "better todolistTests";
			productReference = 3FB21E432A958DB400D63517 /* better todolistTests.xctest */;
			productType = "com.apple.product-type.bundle.unit-test";
		};
		3FB21E4C2A958DB400D63517 /* better todolistUITests */ = {
			isa = PBXNativeTarget;
			buildConfigurationList = 3FB21E5D2A958DB400D63517 /* Build configuration list for PBXNativeTarget "better todolistUITests" */;
			buildPhases = (
				3FB21E492A958DB400D63517 /* Sources */,
				3FB21E4A2A958DB400D63517 /* Frameworks */,
				3FB21E4B2A958DB400D63517 /* Resources */,
			);
			buildRules = (
			);
			dependencies = (
				3FB21E4F2A958DB400D63517 /* PBXTargetDependency */,
			);
			name = "better todolistUITests";
			productName = "better todolistUITests";
			productReference = 3FB21E4D2A958DB400D63517 /* better todolistUITests.xctest */;
			productType = "com.apple.product-type.bundle.ui-testing";
		};
/* End PBXNativeTarget section */

/* Begin PBXProject section */
		3FB21E2B2A958DB300D63517 /* Project object */ = {
			isa = PBXProject;
			attributes = {
				BuildIndependentTargetsInParallel = 1;
				LastSwiftUpdateCheck = 1430;
				LastUpgradeCheck = 1430;
				TargetAttributes = {
					3FB21E322A958DB300D63517 = {
						CreatedOnToolsVersion = 14.3.1;
					};
					3FB21E422A958DB400D63517 = {
						CreatedOnToolsVersion = 14.3.1;
						TestTargetID = 3FB21E322A958DB300D63517;
					};
					3FB21E4C2A958DB400D63517 = {
						CreatedOnToolsVersion = 14.3.1;
						TestTargetID = 3FB21E322A958DB300D63517;
					};
				};
			};
			buildConfigurationList = 3FB21E2E2A958DB300D63517 /* Build configuration list for PBXProject "better todolist" */;
			compatibilityVersion = "Xcode 14.0";
			developmentRegion = en;
			hasScannedForEncodings = 0;
			knownRegions = (
				en,
				Base,
			);
			mainGroup = 3FB21E2A2A958DB300D63517;
			productRefGroup = 3FB21E342A958DB300D63517 /* Products */;
			projectDirPath = "";
			projectRoot = "";
			targets = (
				3FB21E322A958DB300D63517 /* better todolist */,
				3FB21E422A958DB400D63517 /* better todolistTests */,
				3FB21E4C2A958DB400D63517 /* better todolistUITests */,
			);
		};
/* End PBXProject section */

/* Begin PBXResourcesBuildPhase section */
		3FB21E312A958DB300D63517 /* Resources */ = {
			isa = PBXResourcesBuildPhase;
			buildActionMask = 2147483647;
			files = (
				3FB21E3E2A958DB400D63517 /* Preview Assets.xcassets in Resources */,
				3FB21E3B2A958DB400D63517 /* Assets.xcassets in Resources */,
			);
			runOnlyForDeploymentPostprocessing = 0;
		};
		3FB21E412A958DB400D63517 /* Resources */ = {
			isa = PBXResourcesBuildPhase;
			buildActionMask = 2147483647;
			files = (
			);
			runOnlyForDeploymentPostprocessing = 0;
		};
		3FB21E4B2A958DB400D63517 /* Resources */ = {
			isa = PBXResourcesBuildPhase;
			buildActionMask = 2147483647;
			files = (
			);
			runOnlyForDeploymentPostprocessing = 0;
		};
/* End PBXResourcesBuildPhase section */

/* Begin PBXSourcesBuildPhase section */
		3FB21E2F2A958DB300D63517 /* Sources */ = {
			isa = PBXSourcesBuildPhase;
			buildActionMask = 2147483647;
			files = (
				3FB21E392A958DB300D63517 /* ContentView.swift in Sources */,
				3FB21E372A958DB300D63517 /* better_todolistApp.swift in Sources */,
			);
			runOnlyForDeploymentPostprocessing = 0;
		};
		3FB21E3F2A958DB400D63517 /* Sources */ = {
			isa = PBXSourcesBuildPhase;
			buildActionMask = 2147483647;
			files = (
				3FB21E482A958DB400D63517 /* better_todolistTests.swift in Sources */,
			);
			runOnlyForDeploymentPostprocessing = 0;
		};
		3FB21E492A958DB400D63517 /* Sources */ = {
			isa = PBXSourcesBuildPhase;
			buildActionMask = 2147483647;
			files = (
				3FB21E542A958DB400D63517 /* better_todolistUITestsLaunchTests.swift in Sources */,
				3FB21E522A958DB400D63517 /* better_todolistUITests.swift in Sources */,
			);
			runOnlyForDeploymentPostprocessing = 0;
		};
/* End PBXSourcesBuildPhase section */

/* Begin PBXTargetDependency section */
		3FB21E452A958DB400D63517 /* PBXTargetDependency */ = {
			isa = PBXTargetDependency;
			target = 3FB21E322A958DB300D63517 /* better todolist */;
			targetProxy = 3FB21E442A958DB400D63517 /* PBXContainerItemProxy */;
		};
		3FB21E4F2A958DB400D63517 /* PBXTargetDependency */ = {
			isa = PBXTargetDependency;
			target = 3FB21E322A958DB300D63517 /* better todolist */;
			targetProxy = 3FB21E4E2A958DB400D63517 /* PBXContainerItemProxy */;
		};
/* End PBXTargetDependency section */

/* Begin XCBuildConfiguration section */
		3FB21E552A958DB400D63517 /* Debug */ = {
			isa = XCBuildConfiguration;
			buildSettings = {
				ALWAYS_SEARCH_USER_PATHS = NO;
				CLANG_ANALYZER_NONNULL = YES;
				CLANG_ANALYZER_NUMBER_OBJECT_CONVERSION = YES_AGGRESSIVE;
				CLANG_CXX_LANGUAGE_STANDARD = "gnu++20";
				CLANG_ENABLE_MODULES = YES;
				CLANG_ENABLE_OBJC_ARC = YES;
				CLANG_ENABLE_OBJC_WEAK = YES;
				CLANG_WARN_BLOCK_CAPTURE_AUTORELEASING = YES;
				CLANG_WARN_BOOL_CONVERSION = YES;
				CLANG_WARN_COMMA = YES;
				CLANG_WARN_CONSTANT_CONVERSION = YES;
				CLANG_WARN_DEPRECATED_OBJC_IMPLEMENTATIONS = YES;
				CLANG_WARN_DIRECT_OBJC_ISA_USAGE = YES_ERROR;
				CLANG_WARN_DOCUMENTATION_COMMENTS = YES;
				CLANG_WARN_EMPTY_BODY = YES;
				CLANG_WARN_ENUM_CONVERSION = YES;
				CLANG_WARN_INFINITE_RECURSION = YES;
				CLANG_WARN_INT_CONVERSION = YES;
				CLANG_WARN_NON_LITERAL_NULL_CONVERSION = YES;
				CLANG_WARN_OBJC_IMPLICIT_RETAIN_SELF = YES;
				CLANG_WARN_OBJC_LITERAL_CONVERSION = YES;
				CLANG_WARN_OBJC_ROOT_CLASS = YES_ERROR;
				CLANG_WARN_QUOTED_INCLUDE_IN_FRAMEWORK_HEADER = YES;
				CLANG_WARN_RANGE_LOOP_ANALYSIS = YES;
				CLANG_WARN_STRICT_PROTOTYPES = YES;
				CLANG_WARN_SUSPICIOUS_MOVE = YES;
				CLANG_WARN_UNGUARDED_AVAILABILITY = YES_AGGRESSIVE;
				CLANG_WARN_UNREACHABLE_CODE = YES;
				CLANG_WARN__DUPLICATE_METHOD_MATCH = YES;
				COPY_PHASE_STRIP = NO;
				DEBUG_INFORMATION_FORMAT = dwarf;
				ENABLE_STRICT_OBJC_MSGSEND = YES;
				ENABLE_TESTABILITY = YES;
				GCC_C_LANGUAGE_STANDARD = gnu11;
				GCC_DYNAMIC_NO_PIC = NO;
				GCC_NO_COMMON_BLOCKS = YES;
				GCC_OPTIMIZATION_LEVEL = 0;
				GCC_PREPROCESSOR_DEFINITIONS = (
					"DEBUG=1",
					"$(inherited)",
				);
				GCC_WARN_64_TO_32_BIT_CONVERSION = YES;
				GCC_WARN_ABOUT_RETURN_TYPE = YES_ERROR;
				GCC_WARN_UNDECLARED_SELECTOR = YES;
				GCC_WARN_UNINITIALIZED_AUTOS = YES_AGGRESSIVE;
				GCC_WARN_UNUSED_FUNCTION = YES;
				GCC_WARN_UNUSED_VARIABLE = YES;
				IPHONEOS_DEPLOYMENT_TARGET = 16.4;
				MTL_ENABLE_DEBUG_INFO = INCLUDE_SOURCE;
				MTL_FAST_MATH = YES;
				ONLY_ACTIVE_ARCH = YES;
				SDKROOT = iphoneos;
				SWIFT_ACTIVE_COMPILATION_CONDITIONS = DEBUG;
				SWIFT_OPTIMIZATION_LEVEL = "-Onone";
			};
			name = Debug;
		};
		3FB21E562A958DB400D63517 /* Release */ = {
			isa = XCBuildConfiguration;
			buildSettings = {
				ALWAYS_SEARCH_USER_PATHS = NO;
				CLANG_ANALYZER_NONNULL = YES;
				CLANG_ANALYZER_NUMBER_OBJECT_CONVERSION = YES_AGGRESSIVE;
				CLANG_CXX_LANGUAGE_STANDARD = "gnu++20";
				CLANG_ENABLE_MODULES = YES;
				CLANG_ENABLE_OBJC_ARC = YES;
				CLANG_ENABLE_OBJC_WEAK = YES;
				CLANG_WARN_BLOCK_CAPTURE_AUTORELEASING = YES;
				CLANG_WARN_BOOL_CONVERSION = YES;
				CLANG_WARN_COMMA = YES;
				CLANG_WARN_CONSTANT_CONVERSION = YES;
				CLANG_WARN_DEPRECATED_OBJC_IMPLEMENTATIONS = YES;
				CLANG_WARN_DIRECT_OBJC_ISA_USAGE = YES_ERROR;
				CLANG_WARN_DOCUMENTATION_COMMENTS = YES;
				CLANG_WARN_EMPTY_BODY = YES;
				CLANG_WARN_ENUM_CONVERSION = YES;
				CLANG_WARN_INFINITE_RECURSION = YES;
				CLANG_WARN_INT_CONVERSION = YES;
				CLANG_WARN_NON_LITERAL_NULL_CONVERSION = YES;
				CLANG_WARN_OBJC_IMPLICIT_RETAIN_SELF = YES;
				CLANG_WARN_OBJC_LITERAL_CONVERSION = YES;
				CLANG_WARN_OBJC_ROOT_CLASS = YES_ERROR;
				CLANG_WARN_QUOTED_INCLUDE_IN_FRAMEWORK_HEADER = YES;
				CLANG_WARN_RANGE_LOOP_ANALYSIS = YES;
				CLANG_WARN_STRICT_PROTOTYPES = YES;
				CLANG_WARN_SUSPICIOUS_MOVE = YES;
				CLANG_WARN_UNGUARDED_AVAILABILITY = YES_AGGRESSIVE;
				CLANG_WARN_UNREACHABLE_CODE = YES;
				CLANG_WARN__DUPLICATE_METHOD_MATCH = YES;
				COPY_PHASE_STRIP = NO;
				DEBUG_INFORMATION_FORMAT = "dwarf-with-dsym";
				ENABLE_NS_ASSERTIONS = NO;
				ENABLE_STRICT_OBJC_MSGSEND = YES;
				GCC_C_LANGUAGE_STANDARD = gnu11;
				GCC_NO_COMMON_BLOCKS = YES;
				GCC_WARN_64_TO_32_BIT_CONVERSION = YES;
				GCC_WARN_ABOUT_RETURN_TYPE = YES_ERROR;
				GCC_WARN_UNDECLARED_SELECTOR = YES;
				GCC_WARN_UNINITIALIZED_AUTOS = YES_AGGRESSIVE;
				GCC_WARN_UNUSED_FUNCTION = YES;
				GCC_WARN_UNUSED_VARIABLE = YES;
				IPHONEOS_DEPLOYMENT_TARGET = 16.4;
				MTL_ENABLE_DEBUG_INFO = NO;
				MTL_FAST_MATH = YES;
				SDKROOT = iphoneos;
				SWIFT_COMPILATION_MODE = wholemodule;
				SWIFT_OPTIMIZATION_LEVEL = "-O";
				VALIDATE_PRODUCT = YES;
			};
			name = Release;
		};
		3FB21E582A958DB400D63517 /* Debug */ = {
			isa = XCBuildConfiguration;
			buildSettings = {
				ASSETCATALOG_COMPILER_APPICON_NAME = AppIcon;
				ASSETCATALOG_COMPILER_GLOBAL_ACCENT_COLOR_NAME = AccentColor;
				CODE_SIGN_STYLE = Automatic;
				CURRENT_PROJECT_VERSION = 1;
				DEVELOPMENT_ASSET_PATHS = "\"better todolist/Preview Content\"";
				ENABLE_PREVIEWS = YES;
				GENERATE_INFOPLIST_FILE = YES;
				INFOPLIST_KEY_UIApplicationSceneManifest_Generation = YES;
				INFOPLIST_KEY_UIApplicationSupportsIndirectInputEvents = YES;
				INFOPLIST_KEY_UILaunchScreen_Generation = YES;
				INFOPLIST_KEY_UISupportedInterfaceOrientations_iPad = "UIInterfaceOrientationPortrait UIInterfaceOrientationPortraitUpsideDown UIInterfaceOrientationLandscapeLeft UIInterfaceOrientationLandscapeRight";
				INFOPLIST_KEY_UISupportedInterfaceOrientations_iPhone = "UIInterfaceOrientationPortrait UIInterfaceOrientationLandscapeLeft UIInterfaceOrientationLandscapeRight";
				LD_RUNPATH_SEARCH_PATHS = (
					"$(inherited)",
					"@executable_path/Frameworks",
				);
				MARKETING_VERSION = 1.0;
				PRODUCT_BUNDLE_IDENTIFIER = "lesson5.better-todolist";
				PRODUCT_NAME = "$(TARGET_NAME)";
				SWIFT_EMIT_LOC_STRINGS = YES;
				SWIFT_VERSION = 5.0;
				TARGETED_DEVICE_FAMILY = "1,2";
			};
			name = Debug;
		};
		3FB21E592A958DB400D63517 /* Release */ = {
			isa = XCBuildConfiguration;
			buildSettings = {
				ASSETCATALOG_COMPILER_APPICON_NAME = AppIcon;
				ASSETCATALOG_COMPILER_GLOBAL_ACCENT_COLOR_NAME = AccentColor;
				CODE_SIGN_STYLE = Automatic;
				CURRENT_PROJECT_VERSION = 1;
				DEVELOPMENT_ASSET_PATHS = "\"better todolist/Preview Content\"";
				ENABLE_PREVIEWS = YES;
				GENERATE_INFOPLIST_FILE = YES;
				INFOPLIST_KEY_UIApplicationSceneManifest_Generation = YES;
				INFOPLIST_KEY_UIApplicationSupportsIndirectInputEvents = YES;
				INFOPLIST_KEY_UILaunchScreen_Generation = YES;
				INFOPLIST_KEY_UISupportedInterfaceOrientations_iPad = "UIInterfaceOrientationPortrait UIInterfaceOrientationPortraitUpsideDown UIInterfaceOrientationLandscapeLeft UIInterfaceOrientationLandscapeRight";
				INFOPLIST_KEY_UISupportedInterfaceOrientations_iPhone = "UIInterfaceOrientationPortrait UIInterfaceOrientationLandscapeLeft UIInterfaceOrientationLandscapeRight";
				LD_RUNPATH_SEARCH_PATHS = (
					"$(inherited)",
					"@executable_path/Frameworks",
				);
				MARKETING_VERSION = 1.0;
				PRODUCT_BUNDLE_IDENTIFIER = "lesson5.better-todolist";
				PRODUCT_NAME = "$(TARGET_NAME)";
				SWIFT_EMIT_LOC_STRINGS = YES;
				SWIFT_VERSION = 5.0;
				TARGETED_DEVICE_FAMILY = "1,2";
			};
			name = Release;
		};
		3FB21E5B2A958DB400D63517 /* Debug */ = {
			isa = XCBuildConfiguration;
			buildSettings = {
				ALWAYS_EMBED_SWIFT_STANDARD_LIBRARIES = YES;
				BUNDLE_LOADER = "$(TEST_HOST)";
				CODE_SIGN_STYLE = Automatic;
				CURRENT_PROJECT_VERSION = 1;
				GENERATE_INFOPLIST_FILE = YES;
				IPHONEOS_DEPLOYMENT_TARGET = 16.4;
				MARKETING_VERSION = 1.0;
				PRODUCT_BUNDLE_IDENTIFIER = "lesson5.better-todolistTests";
				PRODUCT_NAME = "$(TARGET_NAME)";
				SWIFT_EMIT_LOC_STRINGS = NO;
				SWIFT_VERSION = 5.0;
				TARGETED_DEVICE_FAMILY = "1,2";
				TEST_HOST = "$(BUILT_PRODUCTS_DIR)/better todolist.app/$(BUNDLE_EXECUTABLE_FOLDER_PATH)/better todolist";
			};
			name = Debug;
		};
		3FB21E5C2A958DB400D63517 /* Release */ = {
			isa = XCBuildConfiguration;
			buildSettings = {
				ALWAYS_EMBED_SWIFT_STANDARD_LIBRARIES = YES;
				BUNDLE_LOADER = "$(TEST_HOST)";
				CODE_SIGN_STYLE = Automatic;
				CURRENT_PROJECT_VERSION = 1;
				GENERATE_INFOPLIST_FILE = YES;
				IPHONEOS_DEPLOYMENT_TARGET = 16.4;
				MARKETING_VERSION = 1.0;
				PRODUCT_BUNDLE_IDENTIFIER = "lesson5.better-todolistTests";
				PRODUCT_NAME = "$(TARGET_NAME)";
				SWIFT_EMIT_LOC_STRINGS = NO;
				SWIFT_VERSION = 5.0;
				TARGETED_DEVICE_FAMILY = "1,2";
				TEST_HOST = "$(BUILT_PRODUCTS_DIR)/better todolist.app/$(BUNDLE_EXECUTABLE_FOLDER_PATH)/better todolist";
			};
			name = Release;
		};
		3FB21E5E2A958DB400D63517 /* Debug */ = {
			isa = XCBuildConfiguration;
			buildSettings = {
				ALWAYS_EMBED_SWIFT_STANDARD_LIBRARIES = YES;
				CODE_SIGN_STYLE = Automatic;
				CURRENT_PROJECT_VERSION = 1;
				GENERATE_INFOPLIST_FILE = YES;
				MARKETING_VERSION = 1.0;
				PRODUCT_BUNDLE_IDENTIFIER = "lesson5.better-todolistUITests";
				PRODUCT_NAME = "$(TARGET_NAME)";
				SWIFT_EMIT_LOC_STRINGS = NO;
				SWIFT_VERSION = 5.0;
				TARGETED_DEVICE_FAMILY = "1,2";
				TEST_TARGET_NAME = "better todolist";
			};
			name = Debug;
		};
		3FB21E5F2A958DB400D63517 /* Release */ = {
			isa = XCBuildConfiguration;
			buildSettings = {
				ALWAYS_EMBED_SWIFT_STANDARD_LIBRARIES = YES;
				CODE_SIGN_STYLE = Automatic;
				CURRENT_PROJECT_VERSION = 1;
				GENERATE_INFOPLIST_FILE = YES;
				MARKETING_VERSION = 1.0;
				PRODUCT_BUNDLE_IDENTIFIER = "lesson5.better-todolistUITests";
				PRODUCT_NAME = "$(TARGET_NAME)";
				SWIFT_EMIT_LOC_STRINGS = NO;
				SWIFT_VERSION = 5.0;
				TARGETED_DEVICE_FAMILY = "1,2";
				TEST_TARGET_NAME = "better todolist";
			};
			name = Release;
		};
/* End XCBuildConfiguration section */

/* Begin XCConfigurationList section */
		3FB21E2E2A958DB300D63517 /* Build configuration list for PBXProject "better todolist" */ = {
			isa = XCConfigurationList;
			buildConfigurations = (
				3FB21E552A958DB400D63517 /* Debug */,
				3FB21E562A958DB400D63517 /* Release */,
			);
			defaultConfigurationIsVisible = 0;
			defaultConfigurationName = Release;
		};
		3FB21E572A958DB400D63517 /* Build configuration list for PBXNativeTarget "better todolist" */ = {
			isa = XCConfigurationList;
			buildConfigurations = (
				3FB21E582A958DB400D63517 /* Debug */,
				3FB21E592A958DB400D63517 /* Release */,
			);
			defaultConfigurationIsVisible = 0;
			defaultConfigurationName = Release;
		};
		3FB21E5A2A958DB400D63517 /* Build configuration list for PBXNativeTarget "better todolistTests" */ = {
			isa = XCConfigurationList;
			buildConfigurations = (
				3FB21E5B2A958DB400D63517 /* Debug */,
				3FB21E5C2A958DB400D63517 /* Release */,
			);
			defaultConfigurationIsVisible = 0;
			defaultConfigurationName = Release;
		};
		3FB21E5D2A958DB400D63517 /* Build configuration list for PBXNativeTarget "better todolistUITests" */ = {
			isa = XCConfigurationList;
			buildConfigurations = (
				3FB21E5E2A958DB400D63517 /* Debug */,
				3FB21E5F2A958DB400D63517 /* Release */,
			);
			defaultConfigurationIsVisible = 0;
			defaultConfigurationName = Release;
		};
/* End XCConfigurationList section */
	};
	rootObject = 3FB21E2B2A958DB300D63517 /* Project object */;
}
